
Microsoft Visual Studio Solution File, Format Version 12.00
# Visual Studio Version 17
VisualStudioVersion = 17.3.32922.545
MinimumVisualStudioVersion = 10.0.40219.1
Project("{FAE04EC0-301F-11D3-BF4B-00C04F79EFBC}") = "Web", "Web\Web.csproj", "{D79783D7-7F37-440C-B5EF-9EC5C861F373}"
EndProject
Project("{FAE04EC0-301F-11D3-BF4B-00C04F79EFBC}") = "MyPortfolio.Core", "MyPortfolio.Core\MyPortfolio.Core.csproj", "{F35CC5EF-3A9D-48B3-8445-602E72529A8A}"
EndProject
Project("{FAE04EC0-301F-11D3-BF4B-00C04F79EFBC}") = "MyPortfolio.Infrastructure", "MyPortfolio.Infrastructure\MyPortfolio.Infrastructure.csproj", "{994F6890-7748-40C5-8F6A-876692045A73}"
EndProject
Global
	GlobalSection(SolutionConfigurationPlatforms) = preSolution
		Debug|Any CPU = Debug|Any CPU
		Release|Any CPU = Release|Any CPU
	EndGlobalSection
	GlobalSection(ProjectConfigurationPlatforms) = postSolution
		{D79783D7-7F37-440C-B5EF-9EC5C861F373}.Debug|Any CPU.ActiveCfg = Debug|Any CPU
		{D79783D7-7F37-440C-B5EF-9EC5C861F373}.Debug|Any CPU.Build.0 = Debug|Any CPU
		{D79783D7-7F37-440C-B5EF-9EC5C861F373}.Release|Any CPU.ActiveCfg = Release|Any CPU
		{D79783D7-7F37-440C-B5EF-9EC5C861F373}.Release|Any CPU.Build.0 = Release|Any CPU
		{F35CC5EF-3A9D-48B3-8445-602E72529A8A}.Debug|Any CPU.ActiveCfg = Debug|Any CPU
		{F35CC5EF-3A9D-48B3-8445-602E72529A8A}.Debug|Any CPU.Build.0 = Debug|Any CPU
		{F35CC5EF-3A9D-48B3-8445-602E72529A8A}.Release|Any CPU.ActiveCfg = Release|Any CPU
		{F35CC5EF-3A9D-48B3-8445-602E72529A8A}.Release|Any CPU.Build.0 = Release|Any CPU
		{994F6890-7748-40C5-8F6A-876692045A73}.Debug|Any CPU.ActiveCfg = Debug|Any CPU
		{994F6890-7748-40C5-8F6A-876692045A73}.Debug|Any CPU.Build.0 = Debug|Any CPU
		{994F6890-7748-40C5-8F6A-876692045A73}.Release|Any CPU.ActiveCfg = Release|Any CPU
		{994F6890-7748-40C5-8F6A-876692045A73}.Release|Any CPU.Build.0 = Release|Any CPU
	EndGlobalSection
	GlobalSection(SolutionProperties) = preSolution
		HideSolutionNode = FALSE
	EndGlobalSection
	GlobalSection(ExtensibilityGlobals) = postSolution
		SolutionGuid = {047AD95E-B10B-4C3E-969B-DA754F1841AA}
	EndGlobalSection
EndGlobal
